
Microsoft Visual Studio Solution File, Format Version 12.00
# Visual Studio Version 17
VisualStudioVersion = 17.14.36414.22
MinimumVisualStudioVersion = 10.0.40219.1
Project("{FAE04EC0-301F-11D3-BF4B-00C04F79EFBC}") = "QuickPassthrough", "QuickPassthrough\QuickPassthrough.csproj", "{FD6121E1-AD7E-46BF-B174-1D47098FD48F}"
EndProject
Project("{FAE04EC0-301F-11D3-BF4B-00C04F79EFBC}") = "SimplePassthrough", "SimplePassthrough\SimplePassthrough.csproj", "{C7C43544-F8DF-43A4-B240-4B466C52F383}"
EndProject
Project("{FAE04EC0-301F-11D3-BF4B-00C04F79EFBC}") = "QuickNavSim", "QuickNavSim\QuickNavSim.csproj", "{26D2F9A7-162A-48AB-BC74-1CA3282E5D44}"
EndProject
Global
	GlobalSection(SolutionConfigurationPlatforms) = preSolution
		Debug|x64 = Debug|x64
		Release|x64 = Release|x64
	EndGlobalSection
	GlobalSection(ProjectConfigurationPlatforms) = postSolution
		{FD6121E1-AD7E-46BF-B174-1D47098FD48F}.Debug|x64.ActiveCfg = Debug|x64
		{FD6121E1-AD7E-46BF-B174-1D47098FD48F}.Debug|x64.Build.0 = Debug|x64
		{FD6121E1-AD7E-46BF-B174-1D47098FD48F}.Release|x64.ActiveCfg = Release|x64
		{FD6121E1-AD7E-46BF-B174-1D47098FD48F}.Release|x64.Build.0 = Release|x64
		{C7C43544-F8DF-43A4-B240-4B466C52F383}.Debug|x64.ActiveCfg = Debug|x64
		{C7C43544-F8DF-43A4-B240-4B466C52F383}.Debug|x64.Build.0 = Debug|x64
		{C7C43544-F8DF-43A4-B240-4B466C52F383}.Release|x64.ActiveCfg = Release|x64
		{C7C43544-F8DF-43A4-B240-4B466C52F383}.Release|x64.Build.0 = Release|x64
		{26D2F9A7-162A-48AB-BC74-1CA3282E5D44}.Debug|x64.ActiveCfg = Debug|x64
		{26D2F9A7-162A-48AB-BC74-1CA3282E5D44}.Debug|x64.Build.0 = Debug|x64
		{26D2F9A7-162A-48AB-BC74-1CA3282E5D44}.Release|x64.ActiveCfg = Release|x64
		{26D2F9A7-162A-48AB-BC74-1CA3282E5D44}.Release|x64.Build.0 = Release|x64
	EndGlobalSection
	GlobalSection(SolutionProperties) = preSolution
		HideSolutionNode = FALSE
	EndGlobalSection
	GlobalSection(ExtensibilityGlobals) = postSolution
		SolutionGuid = {4137E14A-E2D9-4198-B446-A7904AF3D195}
	EndGlobalSection
EndGlobal
